
Microsoft Visual Studio Solution File, Format Version 12.00
# Visual Studio Version 17
VisualStudioVersion = 17.9.34414.90
MinimumVisualStudioVersion = 10.0.40219.1
Project("{2150E333-8FDC-42A3-9474-1A3956D46DE8}") = "src", "src", "{128D4134-FA2A-42C3-882E-B5DC6DF0282F}"
EndProject
Project("{2150E333-8FDC-42A3-9474-1A3956D46DE8}") = "Common", "Common", "{AF2F0A05-140A-425B-B3D0-7F71BF678198}"
EndProject
Project("{2150E333-8FDC-42A3-9474-1A3956D46DE8}") = "Modules", "Modules", "{744E49D2-A255-4F42-BAAB-8F132AB04BC7}"
EndProject
Project("{2150E333-8FDC-42A3-9474-1A3956D46DE8}") = "Users", "Users", "{9CC6D895-E021-4A7E-9DB3-EC4EA5DB9739}"
EndProject
Project("{FAE04EC0-301F-11D3-BF4B-00C04F79EFBC}") = "Modules.Users.Application", "src\Modules.Users.Application\Modules.Users.Application.csproj", "{0F2959EF-5789-4F98-8D5D-112CB0108208}"
EndProject
Project("{FAE04EC0-301F-11D3-BF4B-00C04F79EFBC}") = "Modules.Users.Domain", "src\Modules.Users.Domain\Modules.Users.Domain.csproj", "{DB9FE98A-8B12-471A-AFA7-7A9D4A6FC637}"
EndProject
Project("{FAE04EC0-301F-11D3-BF4B-00C04F79EFBC}") = "Modules.Users.Endpoints", "src\Modules.Users.Endpoints\Modules.Users.Endpoints.csproj", "{0D46AA3E-269F-47C5-939E-519F3E244001}"
EndProject
Project("{FAE04EC0-301F-11D3-BF4B-00C04F79EFBC}") = "Modules.Users.Infrastructure", "src\Modules.Users.Infrastructure\Modules.Users.Infrastructure.csproj", "{AEC97294-C244-4D00-9FC4-620EA11229CB}"
EndProject
Project("{FAE04EC0-301F-11D3-BF4B-00C04F79EFBC}") = "Modules.Users.IntegrationEvents", "src\Modules.Users.IntegrationEvents\Modules.Users.IntegrationEvents.csproj", "{C83CC161-4705-43FE-B717-BF4B336592BB}"
EndProject
Project("{FAE04EC0-301F-11D3-BF4B-00C04F79EFBC}") = "Modules.Users.Persistence", "src\Modules.Users.Persistence\Modules.Users.Persistence.csproj", "{724EDEFF-9C3D-4533-808B-FE4CDF3B2B86}"
EndProject
Project("{FAE04EC0-301F-11D3-BF4B-00C04F79EFBC}") = "Domain", "src\Domain\Domain.csproj", "{66709A33-7F4F-42E9-BF87-1ACE3254D56D}"
EndProject
Project("{FAE04EC0-301F-11D3-BF4B-00C04F79EFBC}") = "Shared", "src\Shared\Shared.csproj", "{52B8A3FE-E6EA-4D62-8C06-99C4671AE434}"
EndProject
Global
	GlobalSection(SolutionConfigurationPlatforms) = preSolution
		Debug|Any CPU = Debug|Any CPU
		Release|Any CPU = Release|Any CPU
	EndGlobalSection
	GlobalSection(ProjectConfigurationPlatforms) = postSolution
		{0F2959EF-5789-4F98-8D5D-112CB0108208}.Debug|Any CPU.ActiveCfg = Debug|Any CPU
		{0F2959EF-5789-4F98-8D5D-112CB0108208}.Debug|Any CPU.Build.0 = Debug|Any CPU
		{0F2959EF-5789-4F98-8D5D-112CB0108208}.Release|Any CPU.ActiveCfg = Release|Any CPU
		{0F2959EF-5789-4F98-8D5D-112CB0108208}.Release|Any CPU.Build.0 = Release|Any CPU
		{DB9FE98A-8B12-471A-AFA7-7A9D4A6FC637}.Debug|Any CPU.ActiveCfg = Debug|Any CPU
		{DB9FE98A-8B12-471A-AFA7-7A9D4A6FC637}.Debug|Any CPU.Build.0 = Debug|Any CPU
		{DB9FE98A-8B12-471A-AFA7-7A9D4A6FC637}.Release|Any CPU.ActiveCfg = Release|Any CPU
		{DB9FE98A-8B12-471A-AFA7-7A9D4A6FC637}.Release|Any CPU.Build.0 = Release|Any CPU
		{0D46AA3E-269F-47C5-939E-519F3E244001}.Debug|Any CPU.ActiveCfg = Debug|Any CPU
		{0D46AA3E-269F-47C5-939E-519F3E244001}.Debug|Any CPU.Build.0 = Debug|Any CPU
		{0D46AA3E-269F-47C5-939E-519F3E244001}.Release|Any CPU.ActiveCfg = Release|Any CPU
		{0D46AA3E-269F-47C5-939E-519F3E244001}.Release|Any CPU.Build.0 = Release|Any CPU
		{AEC97294-C244-4D00-9FC4-620EA11229CB}.Debug|Any CPU.ActiveCfg = Debug|Any CPU
		{AEC97294-C244-4D00-9FC4-620EA11229CB}.Debug|Any CPU.Build.0 = Debug|Any CPU
		{AEC97294-C244-4D00-9FC4-620EA11229CB}.Release|Any CPU.ActiveCfg = Release|Any CPU
		{AEC97294-C244-4D00-9FC4-620EA11229CB}.Release|Any CPU.Build.0 = Release|Any CPU
		{C83CC161-4705-43FE-B717-BF4B336592BB}.Debug|Any CPU.ActiveCfg = Debug|Any CPU
		{C83CC161-4705-43FE-B717-BF4B336592BB}.Debug|Any CPU.Build.0 = Debug|Any CPU
		{C83CC161-4705-43FE-B717-BF4B336592BB}.Release|Any CPU.ActiveCfg = Release|Any CPU
		{C83CC161-4705-43FE-B717-BF4B336592BB}.Release|Any CPU.Build.0 = Release|Any CPU
		{724EDEFF-9C3D-4533-808B-FE4CDF3B2B86}.Debug|Any CPU.ActiveCfg = Debug|Any CPU
		{724EDEFF-9C3D-4533-808B-FE4CDF3B2B86}.Debug|Any CPU.Build.0 = Debug|Any CPU
		{724EDEFF-9C3D-4533-808B-FE4CDF3B2B86}.Release|Any CPU.ActiveCfg = Release|Any CPU
		{724EDEFF-9C3D-4533-808B-FE4CDF3B2B86}.Release|Any CPU.Build.0 = Release|Any CPU
		{66709A33-7F4F-42E9-BF87-1ACE3254D56D}.Debug|Any CPU.ActiveCfg = Debug|Any CPU
		{66709A33-7F4F-42E9-BF87-1ACE3254D56D}.Debug|Any CPU.Build.0 = Debug|Any CPU
		{66709A33-7F4F-42E9-BF87-1ACE3254D56D}.Release|Any CPU.ActiveCfg = Release|Any CPU
		{66709A33-7F4F-42E9-BF87-1ACE3254D56D}.Release|Any CPU.Build.0 = Release|Any CPU
		{52B8A3FE-E6EA-4D62-8C06-99C4671AE434}.Debug|Any CPU.ActiveCfg = Debug|Any CPU
		{52B8A3FE-E6EA-4D62-8C06-99C4671AE434}.Debug|Any CPU.Build.0 = Debug|Any CPU
		{52B8A3FE-E6EA-4D62-8C06-99C4671AE434}.Release|Any CPU.ActiveCfg = Release|Any CPU
		{52B8A3FE-E6EA-4D62-8C06-99C4671AE434}.Release|Any CPU.Build.0 = Release|Any CPU
	EndGlobalSection
	GlobalSection(SolutionProperties) = preSolution
		HideSolutionNode = FALSE
	EndGlobalSection
	GlobalSection(NestedProjects) = preSolution
		{AF2F0A05-140A-425B-B3D0-7F71BF678198} = {128D4134-FA2A-42C3-882E-B5DC6DF0282F}
		{744E49D2-A255-4F42-BAAB-8F132AB04BC7} = {128D4134-FA2A-42C3-882E-B5DC6DF0282F}
		{9CC6D895-E021-4A7E-9DB3-EC4EA5DB9739} = {744E49D2-A255-4F42-BAAB-8F132AB04BC7}
		{0F2959EF-5789-4F98-8D5D-112CB0108208} = {9CC6D895-E021-4A7E-9DB3-EC4EA5DB9739}
		{DB9FE98A-8B12-471A-AFA7-7A9D4A6FC637} = {9CC6D895-E021-4A7E-9DB3-EC4EA5DB9739}
		{0D46AA3E-269F-47C5-939E-519F3E244001} = {9CC6D895-E021-4A7E-9DB3-EC4EA5DB9739}
		{AEC97294-C244-4D00-9FC4-620EA11229CB} = {9CC6D895-E021-4A7E-9DB3-EC4EA5DB9739}
		{C83CC161-4705-43FE-B717-BF4B336592BB} = {9CC6D895-E021-4A7E-9DB3-EC4EA5DB9739}
		{724EDEFF-9C3D-4533-808B-FE4CDF3B2B86} = {9CC6D895-E021-4A7E-9DB3-EC4EA5DB9739}
		{66709A33-7F4F-42E9-BF87-1ACE3254D56D} = {AF2F0A05-140A-425B-B3D0-7F71BF678198}
		{52B8A3FE-E6EA-4D62-8C06-99C4671AE434} = {AF2F0A05-140A-425B-B3D0-7F71BF678198}
	EndGlobalSection
	GlobalSection(ExtensibilityGlobals) = postSolution
		SolutionGuid = {F84BEF77-382A-49A2-AE87-754C02E32F5D}
	EndGlobalSection
EndGlobal
